
Microsoft Visual Studio Solution File, Format Version 12.00
# Visual Studio Version 16
VisualStudioVersion = 16.0.30621.155
MinimumVisualStudioVersion = 10.0.40219.1
Project("{FAE04EC0-301F-11D3-BF4B-00C04F79EFBC}") = "App", "App\App.csproj", "{493F7B71-8D25-49A7-AD74-AE4C014EF32D}"
EndProject
Global
	GlobalSection(SolutionConfigurationPlatforms) = preSolution
		Debug|Any CPU = Debug|Any CPU
		Release|Any CPU = Release|Any CPU
	EndGlobalSection
	GlobalSection(ProjectConfigurationPlatforms) = postSolution
		{493F7B71-8D25-49A7-AD74-AE4C014EF32D}.Debug|Any CPU.ActiveCfg = Debug|Any CPU
		{493F7B71-8D25-49A7-AD74-AE4C014EF32D}.Debug|Any CPU.Build.0 = Debug|Any CPU
		{493F7B71-8D25-49A7-AD74-AE4C014EF32D}.Release|Any CPU.ActiveCfg = Release|Any CPU
		{493F7B71-8D25-49A7-AD74-AE4C014EF32D}.Release|Any CPU.Build.0 = Release|Any CPU
	EndGlobalSection
	GlobalSection(SolutionProperties) = preSolution
		HideSolutionNode = FALSE
	EndGlobalSection
	GlobalSection(ExtensibilityGlobals) = postSolution
		SolutionGuid = {CB87826D-1159-44DB-8725-056BFDAC8E27}
	EndGlobalSection
EndGlobal
